
Microsoft Visual Studio Solution File, Format Version 12.00
# Visual Studio Version 16
VisualStudioVersion = 16.0.29920.165
MinimumVisualStudioVersion = 10.0.40219.1
Project("{9A19103F-16F7-4668-BE54-9A1E7A4F7556}") = "Data_Access", "Data_Access\Data_Access.csproj", "{3B8070FF-8311-4BD5-A41E-CBD2AC98B1D8}"
EndProject
Project("{FAE04EC0-301F-11D3-BF4B-00C04F79EFBC}") = "API", "API\API.csproj", "{3CE7D1A3-5EE4-481D-A59E-35B96E27FB3E}"
EndProject
Project("{FAE04EC0-301F-11D3-BF4B-00C04F79EFBC}") = "Bussines", "Bussines\Bussines.csproj", "{DEFC8F73-5CE3-4203-B134-95D522483E6A}"
EndProject
Global
	GlobalSection(SolutionConfigurationPlatforms) = preSolution
		Debug|Any CPU = Debug|Any CPU
		Release|Any CPU = Release|Any CPU
	EndGlobalSection
	GlobalSection(ProjectConfigurationPlatforms) = postSolution
		{3B8070FF-8311-4BD5-A41E-CBD2AC98B1D8}.Debug|Any CPU.ActiveCfg = Debug|Any CPU
		{3B8070FF-8311-4BD5-A41E-CBD2AC98B1D8}.Debug|Any CPU.Build.0 = Debug|Any CPU
		{3B8070FF-8311-4BD5-A41E-CBD2AC98B1D8}.Release|Any CPU.ActiveCfg = Release|Any CPU
		{3B8070FF-8311-4BD5-A41E-CBD2AC98B1D8}.Release|Any CPU.Build.0 = Release|Any CPU
		{3CE7D1A3-5EE4-481D-A59E-35B96E27FB3E}.Debug|Any CPU.ActiveCfg = Debug|Any CPU
		{3CE7D1A3-5EE4-481D-A59E-35B96E27FB3E}.Debug|Any CPU.Build.0 = Debug|Any CPU
		{3CE7D1A3-5EE4-481D-A59E-35B96E27FB3E}.Release|Any CPU.ActiveCfg = Release|Any CPU
		{3CE7D1A3-5EE4-481D-A59E-35B96E27FB3E}.Release|Any CPU.Build.0 = Release|Any CPU
		{DEFC8F73-5CE3-4203-B134-95D522483E6A}.Debug|Any CPU.ActiveCfg = Debug|Any CPU
		{DEFC8F73-5CE3-4203-B134-95D522483E6A}.Debug|Any CPU.Build.0 = Debug|Any CPU
		{DEFC8F73-5CE3-4203-B134-95D522483E6A}.Release|Any CPU.ActiveCfg = Release|Any CPU
		{DEFC8F73-5CE3-4203-B134-95D522483E6A}.Release|Any CPU.Build.0 = Release|Any CPU
	EndGlobalSection
	GlobalSection(SolutionProperties) = preSolution
		HideSolutionNode = FALSE
	EndGlobalSection
	GlobalSection(ExtensibilityGlobals) = postSolution
		SolutionGuid = {03193A61-C9F2-46FF-8C16-29A2C5149329}
	EndGlobalSection
EndGlobal
